
Microsoft Visual Studio Solution File, Format Version 12.00
# Visual Studio Version 17
VisualStudioVersion = 17.8.0.0
MinimumVisualStudioVersion = 17.8.0.0
Project("{54A90642-561A-4BB1-A94E-469ADEE60C69}") = "frontend", "frontend\frontend.esproj", "{7C525BB2-662B-4DE8-9295-EF54689C9E47}"
EndProject
Project("{2150E333-8FDC-42A3-9474-1A3956D46DE8}") = "src", "src", "{827E0CD3-B72D-47B6-A68D-7590B98EB39B}"
EndProject
Project("{2150E333-8FDC-42A3-9474-1A3956D46DE8}") = "Auth", "Auth", "{E134C235-D229-4C0D-6747-D71D21D31FBE}"
EndProject
Project("{FAE04EC0-301F-11D3-BF4B-00C04F79EFBC}") = "Auth.Domain", "src\Auth\Auth.Domain\Auth.Domain.csproj", "{07437001-83E5-4E4B-BB5C-7A69E287BBE3}"
EndProject
Project("{FAE04EC0-301F-11D3-BF4B-00C04F79EFBC}") = "Auth.Application", "src\Auth\Auth.Application\Auth.Application.csproj", "{0217C4BE-E43B-4C07-B6EF-EFE53F53D57B}"
EndProject
Project("{FAE04EC0-301F-11D3-BF4B-00C04F79EFBC}") = "Auth.Infrastructure", "src\Auth\Auth.Infrastructure\Auth.Infrastructure.csproj", "{89986167-DFAF-40D5-85CC-B12EB1C71AB1}"
EndProject
Project("{FAE04EC0-301F-11D3-BF4B-00C04F79EFBC}") = "Auth.Api", "src\Auth\Auth.Api\Auth.Api.csproj", "{5284BDC5-D85D-4241-AB60-A496A01759C3}"
EndProject
Project("{2150E333-8FDC-42A3-9474-1A3956D46DE8}") = "Quotes", "Quotes", "{18C48FF1-C580-D2EF-0BFF-8CE07FE21323}"
EndProject
Project("{FAE04EC0-301F-11D3-BF4B-00C04F79EFBC}") = "Quotes.Domain", "src\Quotes\Quotes.Domain\Quotes.Domain.csproj", "{0BA22D2D-B319-45A9-B369-DE57B82ADC62}"
EndProject
Project("{FAE04EC0-301F-11D3-BF4B-00C04F79EFBC}") = "Quotes.Application", "src\Quotes\Quotes.Application\Quotes.Application.csproj", "{8504AE0C-2BBB-4355-8042-94A1EBCF4D03}"
EndProject
Project("{FAE04EC0-301F-11D3-BF4B-00C04F79EFBC}") = "Quotes.Infrastructure", "src\Quotes\Quotes.Infrastructure\Quotes.Infrastructure.csproj", "{3C71E1E9-056B-43AF-AB6C-39E8597BCFED}"
EndProject
Project("{FAE04EC0-301F-11D3-BF4B-00C04F79EFBC}") = "Quotes.Api", "src\Quotes\Quotes.Api\Quotes.Api.csproj", "{D300C783-413F-4441-A49E-6FEAB0D172E6}"
EndProject
Project("{2150E333-8FDC-42A3-9474-1A3956D46DE8}") = "AppHost", "AppHost", "{63882A7C-90E5-DEE3-63BB-E6ABDBC8A365}"
EndProject
Project("{FAE04EC0-301F-11D3-BF4B-00C04F79EFBC}") = "AspireQuotesPoc.AppHost", "src\AppHost\AspireQuotesPoc.AppHost.csproj", "{B55EDE0E-7497-403D-8ECD-186FEE146C3A}"
EndProject
Project("{2150E333-8FDC-42A3-9474-1A3956D46DE8}") = "Auth", "Auth", "{E134C235-D229-4C0D-6747-D71D21D31FBE}"
EndProject
Project("{2150E333-8FDC-42A3-9474-1A3956D46DE8}") = "Quotes", "Quotes", "{18C48FF1-C580-D2EF-0BFF-8CE07FE21323}"
EndProject
Project("{2150E333-8FDC-42A3-9474-1A3956D46DE8}") = "ServiceDefaults", "ServiceDefaults", "{5FC1494C-0D8C-79D1-FFF2-37E95F57AB9F}"
EndProject
Project("{FAE04EC0-301F-11D3-BF4B-00C04F79EFBC}") = "AspireQuotesPoc.ServiceDefaults", "src\ServiceDefaults\AspireQuotesPoc.ServiceDefaults.csproj", "{FC7E7742-9758-45B6-8296-9D4592E5D882}"
EndProject
Global
	GlobalSection(SolutionConfigurationPlatforms) = preSolution
		Debug|Any CPU = Debug|Any CPU
		Debug|x64 = Debug|x64
		Debug|x86 = Debug|x86
		Release|Any CPU = Release|Any CPU
		Release|x64 = Release|x64
		Release|x86 = Release|x86
	EndGlobalSection
	GlobalSection(ProjectConfigurationPlatforms) = postSolution
		{7C525BB2-662B-4DE8-9295-EF54689C9E47}.Debug|Any CPU.ActiveCfg = Debug|Any CPU
		{7C525BB2-662B-4DE8-9295-EF54689C9E47}.Debug|Any CPU.Build.0 = Debug|Any CPU
		{7C525BB2-662B-4DE8-9295-EF54689C9E47}.Debug|x64.ActiveCfg = Debug|x64
		{7C525BB2-662B-4DE8-9295-EF54689C9E47}.Debug|x86.ActiveCfg = Debug|x86
		{7C525BB2-662B-4DE8-9295-EF54689C9E47}.Release|Any CPU.ActiveCfg = Release|Any CPU
		{7C525BB2-662B-4DE8-9295-EF54689C9E47}.Release|Any CPU.Build.0 = Release|Any CPU
		{7C525BB2-662B-4DE8-9295-EF54689C9E47}.Release|x64.ActiveCfg = Release|x64
		{7C525BB2-662B-4DE8-9295-EF54689C9E47}.Release|x86.ActiveCfg = Release|x86
		{07437001-83E5-4E4B-BB5C-7A69E287BBE3}.Debug|Any CPU.ActiveCfg = Debug|Any CPU
		{07437001-83E5-4E4B-BB5C-7A69E287BBE3}.Debug|Any CPU.Build.0 = Debug|Any CPU
		{07437001-83E5-4E4B-BB5C-7A69E287BBE3}.Debug|x64.ActiveCfg = Debug|Any CPU
		{07437001-83E5-4E4B-BB5C-7A69E287BBE3}.Debug|x64.Build.0 = Debug|Any CPU
		{07437001-83E5-4E4B-BB5C-7A69E287BBE3}.Debug|x86.ActiveCfg = Debug|Any CPU
		{07437001-83E5-4E4B-BB5C-7A69E287BBE3}.Debug|x86.Build.0 = Debug|Any CPU
		{07437001-83E5-4E4B-BB5C-7A69E287BBE3}.Release|Any CPU.ActiveCfg = Release|Any CPU
		{07437001-83E5-4E4B-BB5C-7A69E287BBE3}.Release|Any CPU.Build.0 = Release|Any CPU
		{07437001-83E5-4E4B-BB5C-7A69E287BBE3}.Release|x64.ActiveCfg = Release|Any CPU
		{07437001-83E5-4E4B-BB5C-7A69E287BBE3}.Release|x64.Build.0 = Release|Any CPU
		{07437001-83E5-4E4B-BB5C-7A69E287BBE3}.Release|x86.ActiveCfg = Release|Any CPU
		{07437001-83E5-4E4B-BB5C-7A69E287BBE3}.Release|x86.Build.0 = Release|Any CPU
		{0217C4BE-E43B-4C07-B6EF-EFE53F53D57B}.Debug|Any CPU.ActiveCfg = Debug|Any CPU
		{0217C4BE-E43B-4C07-B6EF-EFE53F53D57B}.Debug|Any CPU.Build.0 = Debug|Any CPU
		{0217C4BE-E43B-4C07-B6EF-EFE53F53D57B}.Debug|x64.ActiveCfg = Debug|Any CPU
		{0217C4BE-E43B-4C07-B6EF-EFE53F53D57B}.Debug|x64.Build.0 = Debug|Any CPU
		{0217C4BE-E43B-4C07-B6EF-EFE53F53D57B}.Debug|x86.ActiveCfg = Debug|Any CPU
		{0217C4BE-E43B-4C07-B6EF-EFE53F53D57B}.Debug|x86.Build.0 = Debug|Any CPU
		{0217C4BE-E43B-4C07-B6EF-EFE53F53D57B}.Release|Any CPU.ActiveCfg = Release|Any CPU
		{0217C4BE-E43B-4C07-B6EF-EFE53F53D57B}.Release|Any CPU.Build.0 = Release|Any CPU
		{0217C4BE-E43B-4C07-B6EF-EFE53F53D57B}.Release|x64.ActiveCfg = Release|Any CPU
		{0217C4BE-E43B-4C07-B6EF-EFE53F53D57B}.Release|x64.Build.0 = Release|Any CPU
		{0217C4BE-E43B-4C07-B6EF-EFE53F53D57B}.Release|x86.ActiveCfg = Release|Any CPU
		{0217C4BE-E43B-4C07-B6EF-EFE53F53D57B}.Release|x86.Build.0 = Release|Any CPU
		{89986167-DFAF-40D5-85CC-B12EB1C71AB1}.Debug|Any CPU.ActiveCfg = Debug|Any CPU
		{89986167-DFAF-40D5-85CC-B12EB1C71AB1}.Debug|Any CPU.Build.0 = Debug|Any CPU
		{89986167-DFAF-40D5-85CC-B12EB1C71AB1}.Debug|x64.ActiveCfg = Debug|Any CPU
		{89986167-DFAF-40D5-85CC-B12EB1C71AB1}.Debug|x64.Build.0 = Debug|Any CPU
		{89986167-DFAF-40D5-85CC-B12EB1C71AB1}.Debug|x86.ActiveCfg = Debug|Any CPU
		{89986167-DFAF-40D5-85CC-B12EB1C71AB1}.Debug|x86.Build.0 = Debug|Any CPU
		{89986167-DFAF-40D5-85CC-B12EB1C71AB1}.Release|Any CPU.ActiveCfg = Release|Any CPU
		{89986167-DFAF-40D5-85CC-B12EB1C71AB1}.Release|Any CPU.Build.0 = Release|Any CPU
		{89986167-DFAF-40D5-85CC-B12EB1C71AB1}.Release|x64.ActiveCfg = Release|Any CPU
		{89986167-DFAF-40D5-85CC-B12EB1C71AB1}.Release|x64.Build.0 = Release|Any CPU
		{89986167-DFAF-40D5-85CC-B12EB1C71AB1}.Release|x86.ActiveCfg = Release|Any CPU
		{89986167-DFAF-40D5-85CC-B12EB1C71AB1}.Release|x86.Build.0 = Release|Any CPU
		{5284BDC5-D85D-4241-AB60-A496A01759C3}.Debug|Any CPU.ActiveCfg = Debug|Any CPU
		{5284BDC5-D85D-4241-AB60-A496A01759C3}.Debug|Any CPU.Build.0 = Debug|Any CPU
		{5284BDC5-D85D-4241-AB60-A496A01759C3}.Debug|x64.ActiveCfg = Debug|Any CPU
		{5284BDC5-D85D-4241-AB60-A496A01759C3}.Debug|x64.Build.0 = Debug|Any CPU
		{5284BDC5-D85D-4241-AB60-A496A01759C3}.Debug|x86.ActiveCfg = Debug|Any CPU
		{5284BDC5-D85D-4241-AB60-A496A01759C3}.Debug|x86.Build.0 = Debug|Any CPU
		{5284BDC5-D85D-4241-AB60-A496A01759C3}.Release|Any CPU.ActiveCfg = Release|Any CPU
		{5284BDC5-D85D-4241-AB60-A496A01759C3}.Release|Any CPU.Build.0 = Release|Any CPU
		{5284BDC5-D85D-4241-AB60-A496A01759C3}.Release|x64.ActiveCfg = Release|Any CPU
		{5284BDC5-D85D-4241-AB60-A496A01759C3}.Release|x64.Build.0 = Release|Any CPU
		{5284BDC5-D85D-4241-AB60-A496A01759C3}.Release|x86.ActiveCfg = Release|Any CPU
		{5284BDC5-D85D-4241-AB60-A496A01759C3}.Release|x86.Build.0 = Release|Any CPU
		{0BA22D2D-B319-45A9-B369-DE57B82ADC62}.Debug|Any CPU.ActiveCfg = Debug|Any CPU
		{0BA22D2D-B319-45A9-B369-DE57B82ADC62}.Debug|Any CPU.Build.0 = Debug|Any CPU
		{0BA22D2D-B319-45A9-B369-DE57B82ADC62}.Debug|x64.ActiveCfg = Debug|Any CPU
		{0BA22D2D-B319-45A9-B369-DE57B82ADC62}.Debug|x64.Build.0 = Debug|Any CPU
		{0BA22D2D-B319-45A9-B369-DE57B82ADC62}.Debug|x86.ActiveCfg = Debug|Any CPU
		{0BA22D2D-B319-45A9-B369-DE57B82ADC62}.Debug|x86.Build.0 = Debug|Any CPU
		{0BA22D2D-B319-45A9-B369-DE57B82ADC62}.Release|Any CPU.ActiveCfg = Release|Any CPU
		{0BA22D2D-B319-45A9-B369-DE57B82ADC62}.Release|Any CPU.Build.0 = Release|Any CPU
		{0BA22D2D-B319-45A9-B369-DE57B82ADC62}.Release|x64.ActiveCfg = Release|Any CPU
		{0BA22D2D-B319-45A9-B369-DE57B82ADC62}.Release|x64.Build.0 = Release|Any CPU
		{0BA22D2D-B319-45A9-B369-DE57B82ADC62}.Release|x86.ActiveCfg = Release|Any CPU
		{0BA22D2D-B319-45A9-B369-DE57B82ADC62}.Release|x86.Build.0 = Release|Any CPU
		{8504AE0C-2BBB-4355-8042-94A1EBCF4D03}.Debug|Any CPU.ActiveCfg = Debug|Any CPU
		{8504AE0C-2BBB-4355-8042-94A1EBCF4D03}.Debug|Any CPU.Build.0 = Debug|Any CPU
		{8504AE0C-2BBB-4355-8042-94A1EBCF4D03}.Debug|x64.ActiveCfg = Debug|Any CPU
		{8504AE0C-2BBB-4355-8042-94A1EBCF4D03}.Debug|x64.Build.0 = Debug|Any CPU
		{8504AE0C-2BBB-4355-8042-94A1EBCF4D03}.Debug|x86.ActiveCfg = Debug|Any CPU
		{8504AE0C-2BBB-4355-8042-94A1EBCF4D03}.Debug|x86.Build.0 = Debug|Any CPU
		{8504AE0C-2BBB-4355-8042-94A1EBCF4D03}.Release|Any CPU.ActiveCfg = Release|Any CPU
		{8504AE0C-2BBB-4355-8042-94A1EBCF4D03}.Release|Any CPU.Build.0 = Release|Any CPU
		{8504AE0C-2BBB-4355-8042-94A1EBCF4D03}.Release|x64.ActiveCfg = Release|Any CPU
		{8504AE0C-2BBB-4355-8042-94A1EBCF4D03}.Release|x64.Build.0 = Release|Any CPU
		{8504AE0C-2BBB-4355-8042-94A1EBCF4D03}.Release|x86.ActiveCfg = Release|Any CPU
		{8504AE0C-2BBB-4355-8042-94A1EBCF4D03}.Release|x86.Build.0 = Release|Any CPU
		{3C71E1E9-056B-43AF-AB6C-39E8597BCFED}.Debug|Any CPU.ActiveCfg = Debug|Any CPU
		{3C71E1E9-056B-43AF-AB6C-39E8597BCFED}.Debug|Any CPU.Build.0 = Debug|Any CPU
		{3C71E1E9-056B-43AF-AB6C-39E8597BCFED}.Debug|x64.ActiveCfg = Debug|Any CPU
		{3C71E1E9-056B-43AF-AB6C-39E8597BCFED}.Debug|x64.Build.0 = Debug|Any CPU
		{3C71E1E9-056B-43AF-AB6C-39E8597BCFED}.Debug|x86.ActiveCfg = Debug|Any CPU
		{3C71E1E9-056B-43AF-AB6C-39E8597BCFED}.Debug|x86.Build.0 = Debug|Any CPU
		{3C71E1E9-056B-43AF-AB6C-39E8597BCFED}.Release|Any CPU.ActiveCfg = Release|Any CPU
		{3C71E1E9-056B-43AF-AB6C-39E8597BCFED}.Release|Any CPU.Build.0 = Release|Any CPU
		{3C71E1E9-056B-43AF-AB6C-39E8597BCFED}.Release|x64.ActiveCfg = Release|Any CPU
		{3C71E1E9-056B-43AF-AB6C-39E8597BCFED}.Release|x64.Build.0 = Release|Any CPU
		{3C71E1E9-056B-43AF-AB6C-39E8597BCFED}.Release|x86.ActiveCfg = Release|Any CPU
		{3C71E1E9-056B-43AF-AB6C-39E8597BCFED}.Release|x86.Build.0 = Release|Any CPU
		{D300C783-413F-4441-A49E-6FEAB0D172E6}.Debug|Any CPU.ActiveCfg = Debug|Any CPU
		{D300C783-413F-4441-A49E-6FEAB0D172E6}.Debug|Any CPU.Build.0 = Debug|Any CPU
		{D300C783-413F-4441-A49E-6FEAB0D172E6}.Debug|x64.ActiveCfg = Debug|Any CPU
		{D300C783-413F-4441-A49E-6FEAB0D172E6}.Debug|x64.Build.0 = Debug|Any CPU
		{D300C783-413F-4441-A49E-6FEAB0D172E6}.Debug|x86.ActiveCfg = Debug|Any CPU
		{D300C783-413F-4441-A49E-6FEAB0D172E6}.Debug|x86.Build.0 = Debug|Any CPU
		{D300C783-413F-4441-A49E-6FEAB0D172E6}.Release|Any CPU.ActiveCfg = Release|Any CPU
		{D300C783-413F-4441-A49E-6FEAB0D172E6}.Release|Any CPU.Build.0 = Release|Any CPU
		{D300C783-413F-4441-A49E-6FEAB0D172E6}.Release|x64.ActiveCfg = Release|Any CPU
		{D300C783-413F-4441-A49E-6FEAB0D172E6}.Release|x64.Build.0 = Release|Any CPU
		{D300C783-413F-4441-A49E-6FEAB0D172E6}.Release|x86.ActiveCfg = Release|Any CPU
		{D300C783-413F-4441-A49E-6FEAB0D172E6}.Release|x86.Build.0 = Release|Any CPU
		{B55EDE0E-7497-403D-8ECD-186FEE146C3A}.Debug|Any CPU.ActiveCfg = Debug|Any CPU
		{B55EDE0E-7497-403D-8ECD-186FEE146C3A}.Debug|Any CPU.Build.0 = Debug|Any CPU
		{B55EDE0E-7497-403D-8ECD-186FEE146C3A}.Debug|x64.ActiveCfg = Debug|Any CPU
		{B55EDE0E-7497-403D-8ECD-186FEE146C3A}.Debug|x64.Build.0 = Debug|Any CPU
		{B55EDE0E-7497-403D-8ECD-186FEE146C3A}.Debug|x86.ActiveCfg = Debug|Any CPU
		{B55EDE0E-7497-403D-8ECD-186FEE146C3A}.Debug|x86.Build.0 = Debug|Any CPU
		{B55EDE0E-7497-403D-8ECD-186FEE146C3A}.Release|Any CPU.ActiveCfg = Release|Any CPU
		{B55EDE0E-7497-403D-8ECD-186FEE146C3A}.Release|Any CPU.Build.0 = Release|Any CPU
		{B55EDE0E-7497-403D-8ECD-186FEE146C3A}.Release|x64.ActiveCfg = Release|Any CPU
		{B55EDE0E-7497-403D-8ECD-186FEE146C3A}.Release|x64.Build.0 = Release|Any CPU
		{B55EDE0E-7497-403D-8ECD-186FEE146C3A}.Release|x86.ActiveCfg = Release|Any CPU
		{B55EDE0E-7497-403D-8ECD-186FEE146C3A}.Release|x86.Build.0 = Release|Any CPU
		{FC7E7742-9758-45B6-8296-9D4592E5D882}.Debug|Any CPU.ActiveCfg = Debug|Any CPU
		{FC7E7742-9758-45B6-8296-9D4592E5D882}.Debug|Any CPU.Build.0 = Debug|Any CPU
		{FC7E7742-9758-45B6-8296-9D4592E5D882}.Debug|x64.ActiveCfg = Debug|Any CPU
		{FC7E7742-9758-45B6-8296-9D4592E5D882}.Debug|x64.Build.0 = Debug|Any CPU
		{FC7E7742-9758-45B6-8296-9D4592E5D882}.Debug|x86.ActiveCfg = Debug|Any CPU
		{FC7E7742-9758-45B6-8296-9D4592E5D882}.Debug|x86.Build.0 = Debug|Any CPU
		{FC7E7742-9758-45B6-8296-9D4592E5D882}.Release|Any CPU.ActiveCfg = Release|Any CPU
		{FC7E7742-9758-45B6-8296-9D4592E5D882}.Release|Any CPU.Build.0 = Release|Any CPU
		{FC7E7742-9758-45B6-8296-9D4592E5D882}.Release|x64.ActiveCfg = Release|Any CPU
		{FC7E7742-9758-45B6-8296-9D4592E5D882}.Release|x64.Build.0 = Release|Any CPU
		{FC7E7742-9758-45B6-8296-9D4592E5D882}.Release|x86.ActiveCfg = Release|Any CPU
		{FC7E7742-9758-45B6-8296-9D4592E5D882}.Release|x86.Build.0 = Release|Any CPU
	EndGlobalSection
	GlobalSection(SolutionProperties) = preSolution
		HideSolutionNode = FALSE
	EndGlobalSection
	GlobalSection(NestedProjects) = preSolution
		{FC7E7742-9758-45B6-8296-9D4592E5D882} = {827E0CD3-B72D-47B6-A68D-7590B98EB39B}
		{B55EDE0E-7497-403D-8ECD-186FEE146C3A} = {827E0CD3-B72D-47B6-A68D-7590B98EB39B}
		{63882A7C-90E5-DEE3-63BB-E6ABDBC8A365} = {827E0CD3-B72D-47B6-A68D-7590B98EB39B}
		{B55EDE0E-7497-403D-8ECD-186FEE146C3A} = {63882A7C-90E5-DEE3-63BB-E6ABDBC8A365}
		{E134C235-D229-4C0D-6747-D71D21D31FBE} = {827E0CD3-B72D-47B6-A68D-7590B98EB39B}
		{18C48FF1-C580-D2EF-0BFF-8CE07FE21323} = {827E0CD3-B72D-47B6-A68D-7590B98EB39B}
		{5FC1494C-0D8C-79D1-FFF2-37E95F57AB9F} = {827E0CD3-B72D-47B6-A68D-7590B98EB39B}
		{FC7E7742-9758-45B6-8296-9D4592E5D882} = {5FC1494C-0D8C-79D1-FFF2-37E95F57AB9F}
	EndGlobalSection
	GlobalSection(ExtensibilityGlobals) = postSolution
		SolutionGuid = {0FF9DFED-CA5E-4036-9F94-DAB0439AA5B0}
	EndGlobalSection
EndGlobal
