
Microsoft Visual Studio Solution File, Format Version 12.00
# Visual Studio Version 17
VisualStudioVersion = 17.8.0.0
MinimumVisualStudioVersion = 17.8.0.0
Project("{54A90642-561A-4BB1-A94E-469ADEE60C69}") = "frontend", "frontend\frontend.esproj", "{7C525BB2-662B-4DE8-9295-EF54689C9E47}"
EndProject
Project("{2150E333-8FDC-42A3-9474-1A3956D46DE8}") = "src", "src", "{827E0CD3-B72D-47B6-A68D-7590B98EB39B}"
EndProject
Project("{2150E333-8FDC-42A3-9474-1A3956D46DE8}") = "Auth", "Auth", "{E134C235-D229-4C0D-6747-D71D21D31FBE}"
EndProject
Project("{FAE04EC0-301F-11D3-BF4B-00C04F79EFBC}") = "Auth.Domain", "src\Auth\Auth.Domain\Auth.Domain.csproj", "{07437001-83E5-4E4B-BB5C-7A69E287BBE3}"
EndProject
Project("{FAE04EC0-301F-11D3-BF4B-00C04F79EFBC}") = "Auth.Application", "src\Auth\Auth.Application\Auth.Application.csproj", "{0217C4BE-E43B-4C07-B6EF-EFE53F53D57B}"
EndProject
Project("{FAE04EC0-301F-11D3-BF4B-00C04F79EFBC}") = "Auth.Infrastructure", "src\Auth\Auth.Infrastructure\Auth.Infrastructure.csproj", "{89986167-DFAF-40D5-85CC-B12EB1C71AB1}"
EndProject
Project("{FAE04EC0-301F-11D3-BF4B-00C04F79EFBC}") = "Auth.Api", "src\Auth\Auth.Api\Auth.Api.csproj", "{5284BDC5-D85D-4241-AB60-A496A01759C3}"
EndProject
Project("{2150E333-8FDC-42A3-9474-1A3956D46DE8}") = "Quotes", "Quotes", "{18C48FF1-C580-D2EF-0BFF-8CE07FE21323}"
EndProject
Project("{FAE04EC0-301F-11D3-BF4B-00C04F79EFBC}") = "Quotes.Domain", "src\Quotes\Quotes.Domain\Quotes.Domain.csproj", "{0BA22D2D-B319-45A9-B369-DE57B82ADC62}"
EndProject
Project("{FAE04EC0-301F-11D3-BF4B-00C04F79EFBC}") = "Quotes.Application", "src\Quotes\Quotes.Application\Quotes.Application.csproj", "{8504AE0C-2BBB-4355-8042-94A1EBCF4D03}"
EndProject
Project("{FAE04EC0-301F-11D3-BF4B-00C04F79EFBC}") = "Quotes.Infrastructure", "src\Quotes\Quotes.Infrastructure\Quotes.Infrastructure.csproj", "{3C71E1E9-056B-43AF-AB6C-39E8597BCFED}"
EndProject
Project("{FAE04EC0-301F-11D3-BF4B-00C04F79EFBC}") = "Quotes.Api", "src\Quotes\Quotes.Api\Quotes.Api.csproj", "{D300C783-413F-4441-A49E-6FEAB0D172E6}"
EndProject
Project("{2150E333-8FDC-42A3-9474-1A3956D46DE8}") = "AppHost", "AppHost", "{63882A7C-90E5-DEE3-63BB-E6ABDBC8A365}"
EndProject
Project("{FAE04EC0-301F-11D3-BF4B-00C04F79EFBC}") = "AspireQuotesPoc.AppHost", "src\AppHost\AspireQuotesPoc.AppHost.csproj", "{B55EDE0E-7497-403D-8ECD-186FEE146C3A}"
EndProject
Project("{2150E333-8FDC-42A3-9474-1A3956D46DE8}") = "ServiceDefaults", "ServiceDefaults", "{5FC1494C-0D8C-79D1-FFF2-37E95F57AB9F}"
EndProject
Project("{FAE04EC0-301F-11D3-BF4B-00C04F79EFBC}") = "AspireQuotesPoc.ServiceDefaults", "src\ServiceDefaults\AspireQuotesPoc.ServiceDefaults.csproj", "{FC7E7742-9758-45B6-8296-9D4592E5D882}"
EndProject
Project("{2150E333-8FDC-42A3-9474-1A3956D46DE8}") = "tests", "tests", "{0AB3BF05-4346-4AA6-1389-037BE0695223}"
EndProject
Project("{FAE04EC0-301F-11D3-BF4B-00C04F79EFBC}") = "Auth.Application.Tests", "tests\Auth\Auth.Application.Tests\Auth.Application.Tests.csproj", "{C22098FF-566F-4076-B3F2-F7A03A7A1242}"
EndProject
Project("{FAE04EC0-301F-11D3-BF4B-00C04F79EFBC}") = "Auth.Infrastructure.Tests", "tests\Auth\Auth.Infrastructure.Tests\Auth.Infrastructure.Tests.csproj", "{8275206A-C9F8-4687-ACE5-3A39884B7853}"
EndProject
Project("{FAE04EC0-301F-11D3-BF4B-00C04F79EFBC}") = "Auth.Api.Tests", "tests\Auth\Auth.Api.Tests\Auth.Api.Tests.csproj", "{B654D4FB-0865-4574-BA95-C69A5241AA03}"
EndProject
Project("{FAE04EC0-301F-11D3-BF4B-00C04F79EFBC}") = "Quotes.Application.Tests", "tests\Quotes\Quotes.Application.Tests\Quotes.Application.Tests.csproj", "{475070A6-9BEF-462C-85AF-958D74156A9B}"
EndProject
Project("{FAE04EC0-301F-11D3-BF4B-00C04F79EFBC}") = "Quotes.Infrastructure.Tests", "tests\Quotes\Quotes.Infrastructure.Tests\Quotes.Infrastructure.Tests.csproj", "{F4CD99EF-DD15-47F5-8DD3-2B1FE6F6C51D}"
EndProject
Project("{FAE04EC0-301F-11D3-BF4B-00C04F79EFBC}") = "Quotes.Api.Tests", "tests\Quotes\Quotes.Api.Tests\Quotes.Api.Tests.csproj", "{87EFB68D-936B-41CA-84E6-535080862BF2}"
EndProject
Project("{FAE04EC0-301F-11D3-BF4B-00C04F79EFBC}") = "ServiceDefaults.Tests", "tests\ServiceDefaults.Tests\ServiceDefaults.Tests.csproj", "{ABF4953D-9806-4603-AB27-F8E1F832AE1E}"
EndProject
Project("{2150E333-8FDC-42A3-9474-1A3956D46DE8}") = "Quotes", "Quotes", "{5EABADB6-19ED-B365-4D25-FB5A0BC3479A}"
EndProject
Project("{2150E333-8FDC-42A3-9474-1A3956D46DE8}") = "Auth", "Auth", "{D59B6350-D4B1-4005-97AB-B98902C8DF0B}"
EndProject
Project("{FAE04EC0-301F-11D3-BF4B-00C04F79EFBC}") = "Quotes.Domain.Tests", "tests\Quotes\Quotes.Domain.Tests\Quotes.Domain.Tests.csproj", "{40131CCC-E4AF-48F9-B730-552DDD3F7ADC}"
EndProject
Project("{FAE04EC0-301F-11D3-BF4B-00C04F79EFBC}") = "Architecture.Tests", "tests\Architecture.Tests\Architecture.Tests.csproj", "{7A9494F1-97B9-47F1-B8C1-360DE6747263}"
EndProject
Global
	GlobalSection(SolutionConfigurationPlatforms) = preSolution
		Debug|Any CPU = Debug|Any CPU
		Debug|x64 = Debug|x64
		Debug|x86 = Debug|x86
		Release|Any CPU = Release|Any CPU
		Release|x64 = Release|x64
		Release|x86 = Release|x86
	EndGlobalSection
	GlobalSection(ProjectConfigurationPlatforms) = postSolution
		{7C525BB2-662B-4DE8-9295-EF54689C9E47}.Debug|Any CPU.ActiveCfg = Debug|Any CPU
		{7C525BB2-662B-4DE8-9295-EF54689C9E47}.Debug|Any CPU.Build.0 = Debug|Any CPU
		{7C525BB2-662B-4DE8-9295-EF54689C9E47}.Debug|x64.ActiveCfg = Debug|x64
		{7C525BB2-662B-4DE8-9295-EF54689C9E47}.Debug|x86.ActiveCfg = Debug|x86
		{7C525BB2-662B-4DE8-9295-EF54689C9E47}.Release|Any CPU.ActiveCfg = Release|Any CPU
		{7C525BB2-662B-4DE8-9295-EF54689C9E47}.Release|Any CPU.Build.0 = Release|Any CPU
		{7C525BB2-662B-4DE8-9295-EF54689C9E47}.Release|x64.ActiveCfg = Release|x64
		{7C525BB2-662B-4DE8-9295-EF54689C9E47}.Release|x86.ActiveCfg = Release|x86
		{07437001-83E5-4E4B-BB5C-7A69E287BBE3}.Debug|Any CPU.ActiveCfg = Debug|Any CPU
		{07437001-83E5-4E4B-BB5C-7A69E287BBE3}.Debug|Any CPU.Build.0 = Debug|Any CPU
		{07437001-83E5-4E4B-BB5C-7A69E287BBE3}.Debug|x64.ActiveCfg = Debug|Any CPU
		{07437001-83E5-4E4B-BB5C-7A69E287BBE3}.Debug|x64.Build.0 = Debug|Any CPU
		{07437001-83E5-4E4B-BB5C-7A69E287BBE3}.Debug|x86.ActiveCfg = Debug|Any CPU
		{07437001-83E5-4E4B-BB5C-7A69E287BBE3}.Debug|x86.Build.0 = Debug|Any CPU
		{07437001-83E5-4E4B-BB5C-7A69E287BBE3}.Release|Any CPU.ActiveCfg = Release|Any CPU
		{07437001-83E5-4E4B-BB5C-7A69E287BBE3}.Release|Any CPU.Build.0 = Release|Any CPU
		{07437001-83E5-4E4B-BB5C-7A69E287BBE3}.Release|x64.ActiveCfg = Release|Any CPU
		{07437001-83E5-4E4B-BB5C-7A69E287BBE3}.Release|x64.Build.0 = Release|Any CPU
		{07437001-83E5-4E4B-BB5C-7A69E287BBE3}.Release|x86.ActiveCfg = Release|Any CPU
		{07437001-83E5-4E4B-BB5C-7A69E287BBE3}.Release|x86.Build.0 = Release|Any CPU
		{0217C4BE-E43B-4C07-B6EF-EFE53F53D57B}.Debug|Any CPU.ActiveCfg = Debug|Any CPU
		{0217C4BE-E43B-4C07-B6EF-EFE53F53D57B}.Debug|Any CPU.Build.0 = Debug|Any CPU
		{0217C4BE-E43B-4C07-B6EF-EFE53F53D57B}.Debug|x64.ActiveCfg = Debug|Any CPU
		{0217C4BE-E43B-4C07-B6EF-EFE53F53D57B}.Debug|x64.Build.0 = Debug|Any CPU
		{0217C4BE-E43B-4C07-B6EF-EFE53F53D57B}.Debug|x86.ActiveCfg = Debug|Any CPU
		{0217C4BE-E43B-4C07-B6EF-EFE53F53D57B}.Debug|x86.Build.0 = Debug|Any CPU
		{0217C4BE-E43B-4C07-B6EF-EFE53F53D57B}.Release|Any CPU.ActiveCfg = Release|Any CPU
		{0217C4BE-E43B-4C07-B6EF-EFE53F53D57B}.Release|Any CPU.Build.0 = Release|Any CPU
		{0217C4BE-E43B-4C07-B6EF-EFE53F53D57B}.Release|x64.ActiveCfg = Release|Any CPU
		{0217C4BE-E43B-4C07-B6EF-EFE53F53D57B}.Release|x64.Build.0 = Release|Any CPU
		{0217C4BE-E43B-4C07-B6EF-EFE53F53D57B}.Release|x86.ActiveCfg = Release|Any CPU
		{0217C4BE-E43B-4C07-B6EF-EFE53F53D57B}.Release|x86.Build.0 = Release|Any CPU
		{89986167-DFAF-40D5-85CC-B12EB1C71AB1}.Debug|Any CPU.ActiveCfg = Debug|Any CPU
		{89986167-DFAF-40D5-85CC-B12EB1C71AB1}.Debug|Any CPU.Build.0 = Debug|Any CPU
		{89986167-DFAF-40D5-85CC-B12EB1C71AB1}.Debug|x64.ActiveCfg = Debug|Any CPU
		{89986167-DFAF-40D5-85CC-B12EB1C71AB1}.Debug|x64.Build.0 = Debug|Any CPU
		{89986167-DFAF-40D5-85CC-B12EB1C71AB1}.Debug|x86.ActiveCfg = Debug|Any CPU
		{89986167-DFAF-40D5-85CC-B12EB1C71AB1}.Debug|x86.Build.0 = Debug|Any CPU
		{89986167-DFAF-40D5-85CC-B12EB1C71AB1}.Release|Any CPU.ActiveCfg = Release|Any CPU
		{89986167-DFAF-40D5-85CC-B12EB1C71AB1}.Release|Any CPU.Build.0 = Release|Any CPU
		{89986167-DFAF-40D5-85CC-B12EB1C71AB1}.Release|x64.ActiveCfg = Release|Any CPU
		{89986167-DFAF-40D5-85CC-B12EB1C71AB1}.Release|x64.Build.0 = Release|Any CPU
		{89986167-DFAF-40D5-85CC-B12EB1C71AB1}.Release|x86.ActiveCfg = Release|Any CPU
		{89986167-DFAF-40D5-85CC-B12EB1C71AB1}.Release|x86.Build.0 = Release|Any CPU
		{5284BDC5-D85D-4241-AB60-A496A01759C3}.Debug|Any CPU.ActiveCfg = Debug|Any CPU
		{5284BDC5-D85D-4241-AB60-A496A01759C3}.Debug|Any CPU.Build.0 = Debug|Any CPU
		{5284BDC5-D85D-4241-AB60-A496A01759C3}.Debug|x64.ActiveCfg = Debug|Any CPU
		{5284BDC5-D85D-4241-AB60-A496A01759C3}.Debug|x64.Build.0 = Debug|Any CPU
		{5284BDC5-D85D-4241-AB60-A496A01759C3}.Debug|x86.ActiveCfg = Debug|Any CPU
		{5284BDC5-D85D-4241-AB60-A496A01759C3}.Debug|x86.Build.0 = Debug|Any CPU
		{5284BDC5-D85D-4241-AB60-A496A01759C3}.Release|Any CPU.ActiveCfg = Release|Any CPU
		{5284BDC5-D85D-4241-AB60-A496A01759C3}.Release|Any CPU.Build.0 = Release|Any CPU
		{5284BDC5-D85D-4241-AB60-A496A01759C3}.Release|x64.ActiveCfg = Release|Any CPU
		{5284BDC5-D85D-4241-AB60-A496A01759C3}.Release|x64.Build.0 = Release|Any CPU
		{5284BDC5-D85D-4241-AB60-A496A01759C3}.Release|x86.ActiveCfg = Release|Any CPU
		{5284BDC5-D85D-4241-AB60-A496A01759C3}.Release|x86.Build.0 = Release|Any CPU
		{0BA22D2D-B319-45A9-B369-DE57B82ADC62}.Debug|Any CPU.ActiveCfg = Debug|Any CPU
		{0BA22D2D-B319-45A9-B369-DE57B82ADC62}.Debug|Any CPU.Build.0 = Debug|Any CPU
		{0BA22D2D-B319-45A9-B369-DE57B82ADC62}.Debug|x64.ActiveCfg = Debug|Any CPU
		{0BA22D2D-B319-45A9-B369-DE57B82ADC62}.Debug|x64.Build.0 = Debug|Any CPU
		{0BA22D2D-B319-45A9-B369-DE57B82ADC62}.Debug|x86.ActiveCfg = Debug|Any CPU
		{0BA22D2D-B319-45A9-B369-DE57B82ADC62}.Debug|x86.Build.0 = Debug|Any CPU
		{0BA22D2D-B319-45A9-B369-DE57B82ADC62}.Release|Any CPU.ActiveCfg = Release|Any CPU
		{0BA22D2D-B319-45A9-B369-DE57B82ADC62}.Release|Any CPU.Build.0 = Release|Any CPU
		{0BA22D2D-B319-45A9-B369-DE57B82ADC62}.Release|x64.ActiveCfg = Release|Any CPU
		{0BA22D2D-B319-45A9-B369-DE57B82ADC62}.Release|x64.Build.0 = Release|Any CPU
		{0BA22D2D-B319-45A9-B369-DE57B82ADC62}.Release|x86.ActiveCfg = Release|Any CPU
		{0BA22D2D-B319-45A9-B369-DE57B82ADC62}.Release|x86.Build.0 = Release|Any CPU
		{8504AE0C-2BBB-4355-8042-94A1EBCF4D03}.Debug|Any CPU.ActiveCfg = Debug|Any CPU
		{8504AE0C-2BBB-4355-8042-94A1EBCF4D03}.Debug|Any CPU.Build.0 = Debug|Any CPU
		{8504AE0C-2BBB-4355-8042-94A1EBCF4D03}.Debug|x64.ActiveCfg = Debug|Any CPU
		{8504AE0C-2BBB-4355-8042-94A1EBCF4D03}.Debug|x64.Build.0 = Debug|Any CPU
		{8504AE0C-2BBB-4355-8042-94A1EBCF4D03}.Debug|x86.ActiveCfg = Debug|Any CPU
		{8504AE0C-2BBB-4355-8042-94A1EBCF4D03}.Debug|x86.Build.0 = Debug|Any CPU
		{8504AE0C-2BBB-4355-8042-94A1EBCF4D03}.Release|Any CPU.ActiveCfg = Release|Any CPU
		{8504AE0C-2BBB-4355-8042-94A1EBCF4D03}.Release|Any CPU.Build.0 = Release|Any CPU
		{8504AE0C-2BBB-4355-8042-94A1EBCF4D03}.Release|x64.ActiveCfg = Release|Any CPU
		{8504AE0C-2BBB-4355-8042-94A1EBCF4D03}.Release|x64.Build.0 = Release|Any CPU
		{8504AE0C-2BBB-4355-8042-94A1EBCF4D03}.Release|x86.ActiveCfg = Release|Any CPU
		{8504AE0C-2BBB-4355-8042-94A1EBCF4D03}.Release|x86.Build.0 = Release|Any CPU
		{3C71E1E9-056B-43AF-AB6C-39E8597BCFED}.Debug|Any CPU.ActiveCfg = Debug|Any CPU
		{3C71E1E9-056B-43AF-AB6C-39E8597BCFED}.Debug|Any CPU.Build.0 = Debug|Any CPU
		{3C71E1E9-056B-43AF-AB6C-39E8597BCFED}.Debug|x64.ActiveCfg = Debug|Any CPU
		{3C71E1E9-056B-43AF-AB6C-39E8597BCFED}.Debug|x64.Build.0 = Debug|Any CPU
		{3C71E1E9-056B-43AF-AB6C-39E8597BCFED}.Debug|x86.ActiveCfg = Debug|Any CPU
		{3C71E1E9-056B-43AF-AB6C-39E8597BCFED}.Debug|x86.Build.0 = Debug|Any CPU
		{3C71E1E9-056B-43AF-AB6C-39E8597BCFED}.Release|Any CPU.ActiveCfg = Release|Any CPU
		{3C71E1E9-056B-43AF-AB6C-39E8597BCFED}.Release|Any CPU.Build.0 = Release|Any CPU
		{3C71E1E9-056B-43AF-AB6C-39E8597BCFED}.Release|x64.ActiveCfg = Release|Any CPU
		{3C71E1E9-056B-43AF-AB6C-39E8597BCFED}.Release|x64.Build.0 = Release|Any CPU
		{3C71E1E9-056B-43AF-AB6C-39E8597BCFED}.Release|x86.ActiveCfg = Release|Any CPU
		{3C71E1E9-056B-43AF-AB6C-39E8597BCFED}.Release|x86.Build.0 = Release|Any CPU
		{D300C783-413F-4441-A49E-6FEAB0D172E6}.Debug|Any CPU.ActiveCfg = Debug|Any CPU
		{D300C783-413F-4441-A49E-6FEAB0D172E6}.Debug|Any CPU.Build.0 = Debug|Any CPU
		{D300C783-413F-4441-A49E-6FEAB0D172E6}.Debug|x64.ActiveCfg = Debug|Any CPU
		{D300C783-413F-4441-A49E-6FEAB0D172E6}.Debug|x64.Build.0 = Debug|Any CPU
		{D300C783-413F-4441-A49E-6FEAB0D172E6}.Debug|x86.ActiveCfg = Debug|Any CPU
		{D300C783-413F-4441-A49E-6FEAB0D172E6}.Debug|x86.Build.0 = Debug|Any CPU
		{D300C783-413F-4441-A49E-6FEAB0D172E6}.Release|Any CPU.ActiveCfg = Release|Any CPU
		{D300C783-413F-4441-A49E-6FEAB0D172E6}.Release|Any CPU.Build.0 = Release|Any CPU
		{D300C783-413F-4441-A49E-6FEAB0D172E6}.Release|x64.ActiveCfg = Release|Any CPU
		{D300C783-413F-4441-A49E-6FEAB0D172E6}.Release|x64.Build.0 = Release|Any CPU
		{D300C783-413F-4441-A49E-6FEAB0D172E6}.Release|x86.ActiveCfg = Release|Any CPU
		{D300C783-413F-4441-A49E-6FEAB0D172E6}.Release|x86.Build.0 = Release|Any CPU
		{B55EDE0E-7497-403D-8ECD-186FEE146C3A}.Debug|Any CPU.ActiveCfg = Debug|Any CPU
		{B55EDE0E-7497-403D-8ECD-186FEE146C3A}.Debug|Any CPU.Build.0 = Debug|Any CPU
		{B55EDE0E-7497-403D-8ECD-186FEE146C3A}.Debug|x64.ActiveCfg = Debug|Any CPU
		{B55EDE0E-7497-403D-8ECD-186FEE146C3A}.Debug|x64.Build.0 = Debug|Any CPU
		{B55EDE0E-7497-403D-8ECD-186FEE146C3A}.Debug|x86.ActiveCfg = Debug|Any CPU
		{B55EDE0E-7497-403D-8ECD-186FEE146C3A}.Debug|x86.Build.0 = Debug|Any CPU
		{B55EDE0E-7497-403D-8ECD-186FEE146C3A}.Release|Any CPU.ActiveCfg = Release|Any CPU
		{B55EDE0E-7497-403D-8ECD-186FEE146C3A}.Release|Any CPU.Build.0 = Release|Any CPU
		{B55EDE0E-7497-403D-8ECD-186FEE146C3A}.Release|x64.ActiveCfg = Release|Any CPU
		{B55EDE0E-7497-403D-8ECD-186FEE146C3A}.Release|x64.Build.0 = Release|Any CPU
		{B55EDE0E-7497-403D-8ECD-186FEE146C3A}.Release|x86.ActiveCfg = Release|Any CPU
		{B55EDE0E-7497-403D-8ECD-186FEE146C3A}.Release|x86.Build.0 = Release|Any CPU
		{FC7E7742-9758-45B6-8296-9D4592E5D882}.Debug|Any CPU.ActiveCfg = Debug|Any CPU
		{FC7E7742-9758-45B6-8296-9D4592E5D882}.Debug|Any CPU.Build.0 = Debug|Any CPU
		{FC7E7742-9758-45B6-8296-9D4592E5D882}.Debug|x64.ActiveCfg = Debug|Any CPU
		{FC7E7742-9758-45B6-8296-9D4592E5D882}.Debug|x64.Build.0 = Debug|Any CPU
		{FC7E7742-9758-45B6-8296-9D4592E5D882}.Debug|x86.ActiveCfg = Debug|Any CPU
		{FC7E7742-9758-45B6-8296-9D4592E5D882}.Debug|x86.Build.0 = Debug|Any CPU
		{FC7E7742-9758-45B6-8296-9D4592E5D882}.Release|Any CPU.ActiveCfg = Release|Any CPU
		{FC7E7742-9758-45B6-8296-9D4592E5D882}.Release|Any CPU.Build.0 = Release|Any CPU
		{FC7E7742-9758-45B6-8296-9D4592E5D882}.Release|x64.ActiveCfg = Release|Any CPU
		{FC7E7742-9758-45B6-8296-9D4592E5D882}.Release|x64.Build.0 = Release|Any CPU
		{FC7E7742-9758-45B6-8296-9D4592E5D882}.Release|x86.ActiveCfg = Release|Any CPU
		{FC7E7742-9758-45B6-8296-9D4592E5D882}.Release|x86.Build.0 = Release|Any CPU
		{C22098FF-566F-4076-B3F2-F7A03A7A1242}.Debug|Any CPU.ActiveCfg = Debug|Any CPU
		{C22098FF-566F-4076-B3F2-F7A03A7A1242}.Debug|Any CPU.Build.0 = Debug|Any CPU
		{C22098FF-566F-4076-B3F2-F7A03A7A1242}.Debug|x64.ActiveCfg = Debug|Any CPU
		{C22098FF-566F-4076-B3F2-F7A03A7A1242}.Debug|x64.Build.0 = Debug|Any CPU
		{C22098FF-566F-4076-B3F2-F7A03A7A1242}.Debug|x86.ActiveCfg = Debug|Any CPU
		{C22098FF-566F-4076-B3F2-F7A03A7A1242}.Debug|x86.Build.0 = Debug|Any CPU
		{C22098FF-566F-4076-B3F2-F7A03A7A1242}.Release|Any CPU.ActiveCfg = Release|Any CPU
		{C22098FF-566F-4076-B3F2-F7A03A7A1242}.Release|Any CPU.Build.0 = Release|Any CPU
		{C22098FF-566F-4076-B3F2-F7A03A7A1242}.Release|x64.ActiveCfg = Release|Any CPU
		{C22098FF-566F-4076-B3F2-F7A03A7A1242}.Release|x64.Build.0 = Release|Any CPU
		{C22098FF-566F-4076-B3F2-F7A03A7A1242}.Release|x86.ActiveCfg = Release|Any CPU
		{C22098FF-566F-4076-B3F2-F7A03A7A1242}.Release|x86.Build.0 = Release|Any CPU
		{8275206A-C9F8-4687-ACE5-3A39884B7853}.Debug|Any CPU.ActiveCfg = Debug|Any CPU
		{8275206A-C9F8-4687-ACE5-3A39884B7853}.Debug|Any CPU.Build.0 = Debug|Any CPU
		{8275206A-C9F8-4687-ACE5-3A39884B7853}.Debug|x64.ActiveCfg = Debug|Any CPU
		{8275206A-C9F8-4687-ACE5-3A39884B7853}.Debug|x64.Build.0 = Debug|Any CPU
		{8275206A-C9F8-4687-ACE5-3A39884B7853}.Debug|x86.ActiveCfg = Debug|Any CPU
		{8275206A-C9F8-4687-ACE5-3A39884B7853}.Debug|x86.Build.0 = Debug|Any CPU
		{8275206A-C9F8-4687-ACE5-3A39884B7853}.Release|Any CPU.ActiveCfg = Release|Any CPU
		{8275206A-C9F8-4687-ACE5-3A39884B7853}.Release|Any CPU.Build.0 = Release|Any CPU
		{8275206A-C9F8-4687-ACE5-3A39884B7853}.Release|x64.ActiveCfg = Release|Any CPU
		{8275206A-C9F8-4687-ACE5-3A39884B7853}.Release|x64.Build.0 = Release|Any CPU
		{8275206A-C9F8-4687-ACE5-3A39884B7853}.Release|x86.ActiveCfg = Release|Any CPU
		{8275206A-C9F8-4687-ACE5-3A39884B7853}.Release|x86.Build.0 = Release|Any CPU
		{B654D4FB-0865-4574-BA95-C69A5241AA03}.Debug|Any CPU.ActiveCfg = Debug|Any CPU
		{B654D4FB-0865-4574-BA95-C69A5241AA03}.Debug|Any CPU.Build.0 = Debug|Any CPU
		{B654D4FB-0865-4574-BA95-C69A5241AA03}.Debug|x64.ActiveCfg = Debug|Any CPU
		{B654D4FB-0865-4574-BA95-C69A5241AA03}.Debug|x64.Build.0 = Debug|Any CPU
		{B654D4FB-0865-4574-BA95-C69A5241AA03}.Debug|x86.ActiveCfg = Debug|Any CPU
		{B654D4FB-0865-4574-BA95-C69A5241AA03}.Debug|x86.Build.0 = Debug|Any CPU
		{B654D4FB-0865-4574-BA95-C69A5241AA03}.Release|Any CPU.ActiveCfg = Release|Any CPU
		{B654D4FB-0865-4574-BA95-C69A5241AA03}.Release|Any CPU.Build.0 = Release|Any CPU
		{B654D4FB-0865-4574-BA95-C69A5241AA03}.Release|x64.ActiveCfg = Release|Any CPU
		{B654D4FB-0865-4574-BA95-C69A5241AA03}.Release|x64.Build.0 = Release|Any CPU
		{B654D4FB-0865-4574-BA95-C69A5241AA03}.Release|x86.ActiveCfg = Release|Any CPU
		{B654D4FB-0865-4574-BA95-C69A5241AA03}.Release|x86.Build.0 = Release|Any CPU
		{475070A6-9BEF-462C-85AF-958D74156A9B}.Debug|Any CPU.ActiveCfg = Debug|Any CPU
		{475070A6-9BEF-462C-85AF-958D74156A9B}.Debug|Any CPU.Build.0 = Debug|Any CPU
		{475070A6-9BEF-462C-85AF-958D74156A9B}.Debug|x64.ActiveCfg = Debug|Any CPU
		{475070A6-9BEF-462C-85AF-958D74156A9B}.Debug|x64.Build.0 = Debug|Any CPU
		{475070A6-9BEF-462C-85AF-958D74156A9B}.Debug|x86.ActiveCfg = Debug|Any CPU
		{475070A6-9BEF-462C-85AF-958D74156A9B}.Debug|x86.Build.0 = Debug|Any CPU
		{475070A6-9BEF-462C-85AF-958D74156A9B}.Release|Any CPU.ActiveCfg = Release|Any CPU
		{475070A6-9BEF-462C-85AF-958D74156A9B}.Release|Any CPU.Build.0 = Release|Any CPU
		{475070A6-9BEF-462C-85AF-958D74156A9B}.Release|x64.ActiveCfg = Release|Any CPU
		{475070A6-9BEF-462C-85AF-958D74156A9B}.Release|x64.Build.0 = Release|Any CPU
		{475070A6-9BEF-462C-85AF-958D74156A9B}.Release|x86.ActiveCfg = Release|Any CPU
		{475070A6-9BEF-462C-85AF-958D74156A9B}.Release|x86.Build.0 = Release|Any CPU
		{F4CD99EF-DD15-47F5-8DD3-2B1FE6F6C51D}.Debug|Any CPU.ActiveCfg = Debug|Any CPU
		{F4CD99EF-DD15-47F5-8DD3-2B1FE6F6C51D}.Debug|Any CPU.Build.0 = Debug|Any CPU
		{F4CD99EF-DD15-47F5-8DD3-2B1FE6F6C51D}.Debug|x64.ActiveCfg = Debug|Any CPU
		{F4CD99EF-DD15-47F5-8DD3-2B1FE6F6C51D}.Debug|x64.Build.0 = Debug|Any CPU
		{F4CD99EF-DD15-47F5-8DD3-2B1FE6F6C51D}.Debug|x86.ActiveCfg = Debug|Any CPU
		{F4CD99EF-DD15-47F5-8DD3-2B1FE6F6C51D}.Debug|x86.Build.0 = Debug|Any CPU
		{F4CD99EF-DD15-47F5-8DD3-2B1FE6F6C51D}.Release|Any CPU.ActiveCfg = Release|Any CPU
		{F4CD99EF-DD15-47F5-8DD3-2B1FE6F6C51D}.Release|Any CPU.Build.0 = Release|Any CPU
		{F4CD99EF-DD15-47F5-8DD3-2B1FE6F6C51D}.Release|x64.ActiveCfg = Release|Any CPU
		{F4CD99EF-DD15-47F5-8DD3-2B1FE6F6C51D}.Release|x64.Build.0 = Release|Any CPU
		{F4CD99EF-DD15-47F5-8DD3-2B1FE6F6C51D}.Release|x86.ActiveCfg = Release|Any CPU
		{F4CD99EF-DD15-47F5-8DD3-2B1FE6F6C51D}.Release|x86.Build.0 = Release|Any CPU
		{87EFB68D-936B-41CA-84E6-535080862BF2}.Debug|Any CPU.ActiveCfg = Debug|Any CPU
		{87EFB68D-936B-41CA-84E6-535080862BF2}.Debug|Any CPU.Build.0 = Debug|Any CPU
		{87EFB68D-936B-41CA-84E6-535080862BF2}.Debug|x64.ActiveCfg = Debug|Any CPU
		{87EFB68D-936B-41CA-84E6-535080862BF2}.Debug|x64.Build.0 = Debug|Any CPU
		{87EFB68D-936B-41CA-84E6-535080862BF2}.Debug|x86.ActiveCfg = Debug|Any CPU
		{87EFB68D-936B-41CA-84E6-535080862BF2}.Debug|x86.Build.0 = Debug|Any CPU
		{87EFB68D-936B-41CA-84E6-535080862BF2}.Release|Any CPU.ActiveCfg = Release|Any CPU
		{87EFB68D-936B-41CA-84E6-535080862BF2}.Release|Any CPU.Build.0 = Release|Any CPU
		{87EFB68D-936B-41CA-84E6-535080862BF2}.Release|x64.ActiveCfg = Release|Any CPU
		{87EFB68D-936B-41CA-84E6-535080862BF2}.Release|x64.Build.0 = Release|Any CPU
		{87EFB68D-936B-41CA-84E6-535080862BF2}.Release|x86.ActiveCfg = Release|Any CPU
		{87EFB68D-936B-41CA-84E6-535080862BF2}.Release|x86.Build.0 = Release|Any CPU
		{ABF4953D-9806-4603-AB27-F8E1F832AE1E}.Debug|Any CPU.ActiveCfg = Debug|Any CPU
		{ABF4953D-9806-4603-AB27-F8E1F832AE1E}.Debug|Any CPU.Build.0 = Debug|Any CPU
		{ABF4953D-9806-4603-AB27-F8E1F832AE1E}.Debug|x64.ActiveCfg = Debug|Any CPU
		{ABF4953D-9806-4603-AB27-F8E1F832AE1E}.Debug|x64.Build.0 = Debug|Any CPU
		{ABF4953D-9806-4603-AB27-F8E1F832AE1E}.Debug|x86.ActiveCfg = Debug|Any CPU
		{ABF4953D-9806-4603-AB27-F8E1F832AE1E}.Debug|x86.Build.0 = Debug|Any CPU
		{ABF4953D-9806-4603-AB27-F8E1F832AE1E}.Release|Any CPU.ActiveCfg = Release|Any CPU
		{ABF4953D-9806-4603-AB27-F8E1F832AE1E}.Release|Any CPU.Build.0 = Release|Any CPU
		{ABF4953D-9806-4603-AB27-F8E1F832AE1E}.Release|x64.ActiveCfg = Release|Any CPU
		{ABF4953D-9806-4603-AB27-F8E1F832AE1E}.Release|x64.Build.0 = Release|Any CPU
		{ABF4953D-9806-4603-AB27-F8E1F832AE1E}.Release|x86.ActiveCfg = Release|Any CPU
		{ABF4953D-9806-4603-AB27-F8E1F832AE1E}.Release|x86.Build.0 = Release|Any CPU
		{40131CCC-E4AF-48F9-B730-552DDD3F7ADC}.Debug|Any CPU.ActiveCfg = Debug|Any CPU
		{40131CCC-E4AF-48F9-B730-552DDD3F7ADC}.Debug|Any CPU.Build.0 = Debug|Any CPU
		{40131CCC-E4AF-48F9-B730-552DDD3F7ADC}.Debug|x64.ActiveCfg = Debug|Any CPU
		{40131CCC-E4AF-48F9-B730-552DDD3F7ADC}.Debug|x64.Build.0 = Debug|Any CPU
		{40131CCC-E4AF-48F9-B730-552DDD3F7ADC}.Debug|x86.ActiveCfg = Debug|Any CPU
		{40131CCC-E4AF-48F9-B730-552DDD3F7ADC}.Debug|x86.Build.0 = Debug|Any CPU
		{40131CCC-E4AF-48F9-B730-552DDD3F7ADC}.Release|Any CPU.ActiveCfg = Release|Any CPU
		{40131CCC-E4AF-48F9-B730-552DDD3F7ADC}.Release|Any CPU.Build.0 = Release|Any CPU
		{40131CCC-E4AF-48F9-B730-552DDD3F7ADC}.Release|x64.ActiveCfg = Release|Any CPU
		{40131CCC-E4AF-48F9-B730-552DDD3F7ADC}.Release|x64.Build.0 = Release|Any CPU
		{40131CCC-E4AF-48F9-B730-552DDD3F7ADC}.Release|x86.ActiveCfg = Release|Any CPU
		{40131CCC-E4AF-48F9-B730-552DDD3F7ADC}.Release|x86.Build.0 = Release|Any CPU
		{7A9494F1-97B9-47F1-B8C1-360DE6747263}.Debug|Any CPU.ActiveCfg = Debug|Any CPU
		{7A9494F1-97B9-47F1-B8C1-360DE6747263}.Debug|Any CPU.Build.0 = Debug|Any CPU
		{7A9494F1-97B9-47F1-B8C1-360DE6747263}.Debug|x64.ActiveCfg = Debug|Any CPU
		{7A9494F1-97B9-47F1-B8C1-360DE6747263}.Debug|x64.Build.0 = Debug|Any CPU
		{7A9494F1-97B9-47F1-B8C1-360DE6747263}.Debug|x86.ActiveCfg = Debug|Any CPU
		{7A9494F1-97B9-47F1-B8C1-360DE6747263}.Debug|x86.Build.0 = Debug|Any CPU
		{7A9494F1-97B9-47F1-B8C1-360DE6747263}.Release|Any CPU.ActiveCfg = Release|Any CPU
		{7A9494F1-97B9-47F1-B8C1-360DE6747263}.Release|Any CPU.Build.0 = Release|Any CPU
		{7A9494F1-97B9-47F1-B8C1-360DE6747263}.Release|x64.ActiveCfg = Release|Any CPU
		{7A9494F1-97B9-47F1-B8C1-360DE6747263}.Release|x64.Build.0 = Release|Any CPU
		{7A9494F1-97B9-47F1-B8C1-360DE6747263}.Release|x86.ActiveCfg = Release|Any CPU
		{7A9494F1-97B9-47F1-B8C1-360DE6747263}.Release|x86.Build.0 = Release|Any CPU
	EndGlobalSection
	GlobalSection(SolutionProperties) = preSolution
		HideSolutionNode = FALSE
	EndGlobalSection
	GlobalSection(NestedProjects) = preSolution
		{E134C235-D229-4C0D-6747-D71D21D31FBE} = {827E0CD3-B72D-47B6-A68D-7590B98EB39B}
		{07437001-83E5-4E4B-BB5C-7A69E287BBE3} = {E134C235-D229-4C0D-6747-D71D21D31FBE}
		{0217C4BE-E43B-4C07-B6EF-EFE53F53D57B} = {E134C235-D229-4C0D-6747-D71D21D31FBE}
		{89986167-DFAF-40D5-85CC-B12EB1C71AB1} = {E134C235-D229-4C0D-6747-D71D21D31FBE}
		{5284BDC5-D85D-4241-AB60-A496A01759C3} = {E134C235-D229-4C0D-6747-D71D21D31FBE}
		{18C48FF1-C580-D2EF-0BFF-8CE07FE21323} = {827E0CD3-B72D-47B6-A68D-7590B98EB39B}
		{0BA22D2D-B319-45A9-B369-DE57B82ADC62} = {18C48FF1-C580-D2EF-0BFF-8CE07FE21323}
		{8504AE0C-2BBB-4355-8042-94A1EBCF4D03} = {18C48FF1-C580-D2EF-0BFF-8CE07FE21323}
		{3C71E1E9-056B-43AF-AB6C-39E8597BCFED} = {18C48FF1-C580-D2EF-0BFF-8CE07FE21323}
		{D300C783-413F-4441-A49E-6FEAB0D172E6} = {18C48FF1-C580-D2EF-0BFF-8CE07FE21323}
		{63882A7C-90E5-DEE3-63BB-E6ABDBC8A365} = {827E0CD3-B72D-47B6-A68D-7590B98EB39B}
		{B55EDE0E-7497-403D-8ECD-186FEE146C3A} = {63882A7C-90E5-DEE3-63BB-E6ABDBC8A365}
		{5FC1494C-0D8C-79D1-FFF2-37E95F57AB9F} = {827E0CD3-B72D-47B6-A68D-7590B98EB39B}
		{FC7E7742-9758-45B6-8296-9D4592E5D882} = {5FC1494C-0D8C-79D1-FFF2-37E95F57AB9F}
		{C22098FF-566F-4076-B3F2-F7A03A7A1242} = {D59B6350-D4B1-4005-97AB-B98902C8DF0B}
		{8275206A-C9F8-4687-ACE5-3A39884B7853} = {D59B6350-D4B1-4005-97AB-B98902C8DF0B}
		{B654D4FB-0865-4574-BA95-C69A5241AA03} = {D59B6350-D4B1-4005-97AB-B98902C8DF0B}
		{475070A6-9BEF-462C-85AF-958D74156A9B} = {5EABADB6-19ED-B365-4D25-FB5A0BC3479A}
		{F4CD99EF-DD15-47F5-8DD3-2B1FE6F6C51D} = {5EABADB6-19ED-B365-4D25-FB5A0BC3479A}
		{87EFB68D-936B-41CA-84E6-535080862BF2} = {5EABADB6-19ED-B365-4D25-FB5A0BC3479A}
		{ABF4953D-9806-4603-AB27-F8E1F832AE1E} = {0AB3BF05-4346-4AA6-1389-037BE0695223}
		{5EABADB6-19ED-B365-4D25-FB5A0BC3479A} = {0AB3BF05-4346-4AA6-1389-037BE0695223}
		{D59B6350-D4B1-4005-97AB-B98902C8DF0B} = {0AB3BF05-4346-4AA6-1389-037BE0695223}
		{40131CCC-E4AF-48F9-B730-552DDD3F7ADC} = {5EABADB6-19ED-B365-4D25-FB5A0BC3479A}
		{7A9494F1-97B9-47F1-B8C1-360DE6747263} = {0AB3BF05-4346-4AA6-1389-037BE0695223}
	EndGlobalSection
	GlobalSection(ExtensibilityGlobals) = postSolution
		SolutionGuid = {0FF9DFED-CA5E-4036-9F94-DAB0439AA5B0}
	EndGlobalSection
EndGlobal
